
Microsoft Visual Studio Solution File, Format Version 12.00
# Visual Studio Version 17
VisualStudioVersion = 17.9.34701.34
MinimumVisualStudioVersion = 10.0.40219.1
Project("{FAE04EC0-301F-11D3-BF4B-00C04F79EFBC}") = "PokeCardLog", "PokeCardLog.csproj", "{4D4F58BC-1929-47FF-B447-2EE3C5871556}"
EndProject
Global
	GlobalSection(SolutionConfigurationPlatforms) = preSolution
		Debug|Any CPU = Debug|Any CPU
		Release|Any CPU = Release|Any CPU
	EndGlobalSection
	GlobalSection(ProjectConfigurationPlatforms) = postSolution
		{4D4F58BC-1929-47FF-B447-2EE3C5871556}.Debug|Any CPU.ActiveCfg = Debug|Any CPU
		{4D4F58BC-1929-47FF-B447-2EE3C5871556}.Debug|Any CPU.Build.0 = Debug|Any CPU
		{4D4F58BC-1929-47FF-B447-2EE3C5871556}.Release|Any CPU.ActiveCfg = Release|Any CPU
		{4D4F58BC-1929-47FF-B447-2EE3C5871556}.Release|Any CPU.Build.0 = Release|Any CPU
	EndGlobalSection
	GlobalSection(SolutionProperties) = preSolution
		HideSolutionNode = FALSE
	EndGlobalSection
	GlobalSection(ExtensibilityGlobals) = postSolution
		SolutionGuid = {6D3DC5D5-E8BA-4C52-BC13-FA3E73909D11}
	EndGlobalSection
EndGlobal
